# THIS IS AN AUTOGENERATED FILE. DO NOT EDIT THIS FILE DIRECTLY.
# yarn lockfile v1


mobx-state-tree@^3.10.0:
  version "3.10.0"
  resolved "http://registry.npm.taobao.org/mobx-state-tree/download/mobx-state-tree-3.10.0.tgz#92b893e2c85339e246779d19928b6d69b798a813"
  integrity sha1-kriT4shTOeJGd50ZkottabeYqBM=

prettier@^1.15.2:
  version "1.15.2"
  resolved "http://registry.npm.taobao.org/prettier/download/prettier-1.15.2.tgz#d31abe22afa4351efa14c7f8b94b58bb7452205e"
  integrity sha1-0xq+Iq+kNR76FMf4uUtYu3RSIF4=

typescript@^3.1.6:
  version "3.1.6"
  resolved "http://registry.npm.taobao.org/typescript/download/typescript-3.1.6.tgz#b6543a83cfc8c2befb3f4c8fba6896f5b0c9be68"
  integrity sha1-tlQ6g8/Iwr77P0yPumiW9bDJvmg=
